{
  "name": "data_structure_tool",
  "version": "1.0.7",
  "lockfileVersion": 2,
  "requires": true,
  "packages": {
    "": {
      "name": "data_structure_tool",
      "version": "1.0.7",
      "license": "MIT",
      "dependencies": {
        "flat": "^5.0.2"
      },
      "devDependencies": {
        "husky": "^8.0.3",
        "npm-version": "^1.1.0",
        "prettier": "^2.8.4"
      }
    },
    "node_modules/flat": {
      "version": "5.0.2",
      "resolved": "https://registry.npmjs.org/flat/-/flat-5.0.2.tgz",
      "integrity": "sha512-b6suED+5/3rTpUBdG1gupIl8MPFCAMA0QXwmljLhvCUKcUvdE4gWky9zpuGCcXHOsz4J9wPGNWq6OKpmIzz3hQ==",
      "bin": {
        "flat": "cli.js"
      }
    },
    "node_modules/husky": {
      "version": "8.0.3",
      "resolved": "https://registry.npmjs.org/husky/-/husky-8.0.3.tgz",
      "integrity": "sha512-+dQSyqPh4x1hlO1swXBiNb2HzTDN1I2IGLQx1GrBuiqFJfoMrnZWwVmatvSiO+Iz8fBUnf+lekwNo4c2LlXItg==",
      "dev": true,
      "bin": {
        "husky": "lib/bin.js"
      },
      "engines": {
        "node": ">=14"
      },
      "funding": {
        "url": "https://github.com/sponsors/typicode"
      }
    },
    "node_modules/npm-version": {
      "version": "1.1.0",
      "resolved": "https://registry.npmjs.org/npm-version/-/npm-version-1.1.0.tgz",
      "integrity": "sha512-Fu4YHKSfwZKPlrTv+ddvBzWPo/pQprR/GSA9ttRW684LbsxucF3RxIxl29H5YUpONfZVzuXcoJy03ZxigLnHDA==",
      "dev": true,
      "dependencies": {
        "semver": "^3.0.1"
      }
    },
    "node_modules/prettier": {
      "version": "2.8.4",
      "resolved": "https://registry.npmjs.org/prettier/-/prettier-2.8.4.tgz",
      "integrity": "sha512-vIS4Rlc2FNh0BySk3Wkd6xmwxB0FpOndW5fisM5H8hsZSxU2VWVB5CWIkIjWvrHjIhxk2g3bfMKM87zNTrZddw==",
      "dev": true,
      "bin": {
        "prettier": "bin-prettier.js"
      },
      "engines": {
        "node": ">=10.13.0"
      },
      "funding": {
        "url": "https://github.com/prettier/prettier?sponsor=1"
      }
    },
    "node_modules/semver": {
      "version": "3.0.1",
      "resolved": "https://registry.npmjs.org/semver/-/semver-3.0.1.tgz",
      "integrity": "sha512-MrF9mHWFtD/0eV4t3IheoXnGWTdw17axm5xqzOWyPsOMVnTtRAZT6uwPwslQXH5SsiaBLiMuu8NX8DtXWZfDwg==",
      "dev": true,
      "bin": {
        "semver": "bin/semver"
      }
    }
  },
  "dependencies": {
    "flat": {
      "version": "5.0.2",
      "resolved": "https://registry.npmjs.org/flat/-/flat-5.0.2.tgz",
      "integrity": "sha512-b6suED+5/3rTpUBdG1gupIl8MPFCAMA0QXwmljLhvCUKcUvdE4gWky9zpuGCcXHOsz4J9wPGNWq6OKpmIzz3hQ=="
    },
    "husky": {
      "version": "8.0.3",
      "resolved": "https://registry.npmjs.org/husky/-/husky-8.0.3.tgz",
      "integrity": "sha512-+dQSyqPh4x1hlO1swXBiNb2HzTDN1I2IGLQx1GrBuiqFJfoMrnZWwVmatvSiO+Iz8fBUnf+lekwNo4c2LlXItg==",
      "dev": true
    },
    "npm-version": {
      "version": "1.1.0",
      "resolved": "https://registry.npmjs.org/npm-version/-/npm-version-1.1.0.tgz",
      "integrity": "sha512-Fu4YHKSfwZKPlrTv+ddvBzWPo/pQprR/GSA9ttRW684LbsxucF3RxIxl29H5YUpONfZVzuXcoJy03ZxigLnHDA==",
      "dev": true,
      "requires": {
        "semver": "^3.0.1"
      }
    },
    "prettier": {
      "version": "2.8.4",
      "resolved": "https://registry.npmjs.org/prettier/-/prettier-2.8.4.tgz",
      "integrity": "sha512-vIS4Rlc2FNh0BySk3Wkd6xmwxB0FpOndW5fisM5H8hsZSxU2VWVB5CWIkIjWvrHjIhxk2g3bfMKM87zNTrZddw==",
      "dev": true
    },
    "semver": {
      "version": "3.0.1",
      "resolved": "https://registry.npmjs.org/semver/-/semver-3.0.1.tgz",
      "integrity": "sha512-MrF9mHWFtD/0eV4t3IheoXnGWTdw17axm5xqzOWyPsOMVnTtRAZT6uwPwslQXH5SsiaBLiMuu8NX8DtXWZfDwg==",
      "dev": true
    }
  }
}
